<Solution>
  <Folder Name="/Solution Items/">
    <File Path=".editorconfig" />
    <File Path="Directory.Packages.props" />
  </Folder>
  <Project Path="demo/OllamaApiConsole.csproj" />
  <Project Path="src/OllamaSharp/OllamaSharp.csproj" />
  <Project Path="src/SourceGenerators/OllamaSharp.SourceGenerators.csproj" />
  <Project Path="test/Tests.csproj" />
</Solution>
